<Solution>
  <Folder Name="/Solution Items/">
    <File Path="compose.yaml" />
  </Folder>
  <Project Path="ElectricDashboard.Api\ElectricDashboard.Api.csproj" />
  <Project Path="ElectricDashboardApi.Core\ElectricDashboardApi.Core.csproj" />
  <Project Path="ElectricDashboardApi.Dtos/ElectricDashboardApi.Dtos.csproj" />
  <Project Path="ElectricDashboardApi.Infrastructure\ElectricDashboardApi.Infrastructure.csproj" />
</Solution>
