<Solution>
  <Folder Name="/Solution Items/">
    <File Path="compose.yaml" />
  </Folder>
  <Project Path="ElectricDashboardApi.Data/ElectricDashboardApi.Data.csproj" />
  <Project Path="ElectricDashboardApi.Dtos/ElectricDashboardApi.Dtos.csproj" />
  <Project Path="ElectricDashboardApi.Models\ElectricDashboardApi.Models.csproj" />
  <Project Path="ElectricDashboardApi.Services\ElectricDashboardApi.Services.csproj" />
  <Project Path="ElectricDashboardApi/ElectricDashboardApi.csproj" />
</Solution>
